
Microsoft Visual Studio Solution File, Format Version 12.00
# Visual Studio 15
Project("{FAE04EC0-301F-11D3-BF4B-00C04F79EFBC}") = "Assembly-CSharp", "Assembly-CSharp.csproj", "{B6A6E5A4-D3CD-5DD8-8C57-7946D7F07405}"
EndProject
Project("{FAE04EC0-301F-11D3-BF4B-00C04F79EFBC}") = "Assembly-CSharp-Editor", "Assembly-CSharp-Editor.csproj", "{A95D5B3C-B640-3ABF-26F0-E82A587CBA56}"
EndProject
Global
	GlobalSection(SolutionConfigurationPlatforms) = preSolution
		Debug|Any CPU = Debug|Any CPU
		Release|Any CPU = Release|Any CPU
	EndGlobalSection
	GlobalSection(ProjectConfigurationPlatforms) = postSolution
		{B6A6E5A4-D3CD-5DD8-8C57-7946D7F07405}.Debug|Any CPU.ActiveCfg = Debug|Any CPU
		{B6A6E5A4-D3CD-5DD8-8C57-7946D7F07405}.Debug|Any CPU.Build.0 = Debug|Any CPU
		{B6A6E5A4-D3CD-5DD8-8C57-7946D7F07405}.Release|Any CPU.ActiveCfg = Release|Any CPU
		{B6A6E5A4-D3CD-5DD8-8C57-7946D7F07405}.Release|Any CPU.Build.0 = Release|Any CPU
		{A95D5B3C-B640-3ABF-26F0-E82A587CBA56}.Debug|Any CPU.ActiveCfg = Debug|Any CPU
		{A95D5B3C-B640-3ABF-26F0-E82A587CBA56}.Debug|Any CPU.Build.0 = Debug|Any CPU
		{A95D5B3C-B640-3ABF-26F0-E82A587CBA56}.Release|Any CPU.ActiveCfg = Release|Any CPU
		{A95D5B3C-B640-3ABF-26F0-E82A587CBA56}.Release|Any CPU.Build.0 = Release|Any CPU
	EndGlobalSection
	GlobalSection(SolutionProperties) = preSolution
		HideSolutionNode = FALSE
	EndGlobalSection
EndGlobal
